
Microsoft Visual Studio Solution File, Format Version 12.00
# Visual Studio 14
VisualStudioVersion = 14.0.25420.1
MinimumVisualStudioVersion = 10.0.40219.1
Project("{FAE04EC0-301F-11D3-BF4B-00C04F79EFBC}") = "MultiString", "MultiString\MultiString.csproj", "{F1E817EF-85F7-41E4-A2D6-207DDB4DE88E}"
EndProject
Project("{FAE04EC0-301F-11D3-BF4B-00C04F79EFBC}") = "StringToDigit", "StringToDigit\StringToDigit.csproj", "{57C4A11E-F529-46A4-8541-284134CB2AFB}"
EndProject
Global
	GlobalSection(SolutionConfigurationPlatforms) = preSolution
		Debug|Any CPU = Debug|Any CPU
		Release|Any CPU = Release|Any CPU
	EndGlobalSection
	GlobalSection(ProjectConfigurationPlatforms) = postSolution
		{F1E817EF-85F7-41E4-A2D6-207DDB4DE88E}.Debug|Any CPU.ActiveCfg = Debug|Any CPU
		{F1E817EF-85F7-41E4-A2D6-207DDB4DE88E}.Debug|Any CPU.Build.0 = Debug|Any CPU
		{F1E817EF-85F7-41E4-A2D6-207DDB4DE88E}.Release|Any CPU.ActiveCfg = Release|Any CPU
		{F1E817EF-85F7-41E4-A2D6-207DDB4DE88E}.Release|Any CPU.Build.0 = Release|Any CPU
		{57C4A11E-F529-46A4-8541-284134CB2AFB}.Debug|Any CPU.ActiveCfg = Debug|Any CPU
		{57C4A11E-F529-46A4-8541-284134CB2AFB}.Debug|Any CPU.Build.0 = Debug|Any CPU
		{57C4A11E-F529-46A4-8541-284134CB2AFB}.Release|Any CPU.ActiveCfg = Release|Any CPU
		{57C4A11E-F529-46A4-8541-284134CB2AFB}.Release|Any CPU.Build.0 = Release|Any CPU
	EndGlobalSection
	GlobalSection(SolutionProperties) = preSolution
		HideSolutionNode = FALSE
	EndGlobalSection
EndGlobal
