
Microsoft Visual Studio Solution File, Format Version 12.00
# Visual Studio 14
VisualStudioVersion = 14.0.25420.1
MinimumVisualStudioVersion = 10.0.40219.1
Project("{FAE04EC0-301F-11D3-BF4B-00C04F79EFBC}") = "ReflectionApplication", "ReflectionApplication\ReflectionApplication.csproj", "{36CB1B1C-2917-4BAA-96A3-6E8074331586}"
EndProject
Project("{FAE04EC0-301F-11D3-BF4B-00C04F79EFBC}") = "StringsClassLibrary", "StringsClassLibrary\StringsClassLibrary.csproj", "{4487A985-9553-461A-96B5-35D767C14F23}"
EndProject
Global
	GlobalSection(SolutionConfigurationPlatforms) = preSolution
		Debug|Any CPU = Debug|Any CPU
		Release|Any CPU = Release|Any CPU
	EndGlobalSection
	GlobalSection(ProjectConfigurationPlatforms) = postSolution
		{36CB1B1C-2917-4BAA-96A3-6E8074331586}.Debug|Any CPU.ActiveCfg = Debug|Any CPU
		{36CB1B1C-2917-4BAA-96A3-6E8074331586}.Debug|Any CPU.Build.0 = Debug|Any CPU
		{36CB1B1C-2917-4BAA-96A3-6E8074331586}.Release|Any CPU.ActiveCfg = Release|Any CPU
		{36CB1B1C-2917-4BAA-96A3-6E8074331586}.Release|Any CPU.Build.0 = Release|Any CPU
		{4487A985-9553-461A-96B5-35D767C14F23}.Debug|Any CPU.ActiveCfg = Debug|Any CPU
		{4487A985-9553-461A-96B5-35D767C14F23}.Debug|Any CPU.Build.0 = Debug|Any CPU
		{4487A985-9553-461A-96B5-35D767C14F23}.Release|Any CPU.ActiveCfg = Release|Any CPU
		{4487A985-9553-461A-96B5-35D767C14F23}.Release|Any CPU.Build.0 = Release|Any CPU
	EndGlobalSection
	GlobalSection(SolutionProperties) = preSolution
		HideSolutionNode = FALSE
	EndGlobalSection
EndGlobal
